
Microsoft Visual Studio Solution File, Format Version 12.00
# Visual Studio Version 16
VisualStudioVersion = 16.0.29926.136
MinimumVisualStudioVersion = 10.0.40219.1
Project("{9A19103F-16F7-4668-BE54-9A1E7A4F7556}") = "LearningExperience.Tests", "LearningExperience.Tests\LearningExperience.Tests.csproj", "{DECA04E8-E4BB-48FA-9111-CA5F6487EC0A}"
EndProject
Project("{9A19103F-16F7-4668-BE54-9A1E7A4F7556}") = "LearningExperience.Core", "LearningExperience.Core\LearningExperience.Core.csproj", "{C7FFF6CE-C8FB-4567-9D53-D781887D6E71}"
EndProject
Project("{9A19103F-16F7-4668-BE54-9A1E7A4F7556}") = "LearningExperience.Api", "LearningExperience.Api\LearningExperience.Api.csproj", "{327A7F8D-44F1-4C85-A8D5-AF37E5498812}"
EndProject
Project("{FAE04EC0-301F-11D3-BF4B-00C04F79EFBC}") = "LearningExperience.Models", "LearningExperience.Models\LearningExperience.Models.csproj", "{D1FE3B00-7F46-4CF1-8292-DD48D37FEC2C}"
EndProject
Project("{FAE04EC0-301F-11D3-BF4B-00C04F79EFBC}") = "LearningExperience.Services", "LearningExperience.Services\LearningExperience.Services.csproj", "{89D8EBF1-35FD-422F-A97D-01785DC876C0}"
EndProject
Project("{FAE04EC0-301F-11D3-BF4B-00C04F79EFBC}") = "LearningExperience.Repository", "LearningExperience.Repository\LearningExperience.Repository.csproj", "{A41E56A2-5B08-4D1E-B57A-E2D977CCB416}"
EndProject
Global
	GlobalSection(SolutionConfigurationPlatforms) = preSolution
		Debug|Any CPU = Debug|Any CPU
		Release|Any CPU = Release|Any CPU
	EndGlobalSection
	GlobalSection(ProjectConfigurationPlatforms) = postSolution
		{DECA04E8-E4BB-48FA-9111-CA5F6487EC0A}.Debug|Any CPU.ActiveCfg = Debug|Any CPU
		{DECA04E8-E4BB-48FA-9111-CA5F6487EC0A}.Debug|Any CPU.Build.0 = Debug|Any CPU
		{DECA04E8-E4BB-48FA-9111-CA5F6487EC0A}.Release|Any CPU.ActiveCfg = Release|Any CPU
		{DECA04E8-E4BB-48FA-9111-CA5F6487EC0A}.Release|Any CPU.Build.0 = Release|Any CPU
		{C7FFF6CE-C8FB-4567-9D53-D781887D6E71}.Debug|Any CPU.ActiveCfg = Debug|Any CPU
		{C7FFF6CE-C8FB-4567-9D53-D781887D6E71}.Debug|Any CPU.Build.0 = Debug|Any CPU
		{C7FFF6CE-C8FB-4567-9D53-D781887D6E71}.Release|Any CPU.ActiveCfg = Release|Any CPU
		{C7FFF6CE-C8FB-4567-9D53-D781887D6E71}.Release|Any CPU.Build.0 = Release|Any CPU
		{327A7F8D-44F1-4C85-A8D5-AF37E5498812}.Debug|Any CPU.ActiveCfg = Debug|Any CPU
		{327A7F8D-44F1-4C85-A8D5-AF37E5498812}.Debug|Any CPU.Build.0 = Debug|Any CPU
		{327A7F8D-44F1-4C85-A8D5-AF37E5498812}.Release|Any CPU.ActiveCfg = Release|Any CPU
		{327A7F8D-44F1-4C85-A8D5-AF37E5498812}.Release|Any CPU.Build.0 = Release|Any CPU
		{D1FE3B00-7F46-4CF1-8292-DD48D37FEC2C}.Debug|Any CPU.ActiveCfg = Debug|Any CPU
		{D1FE3B00-7F46-4CF1-8292-DD48D37FEC2C}.Debug|Any CPU.Build.0 = Debug|Any CPU
		{D1FE3B00-7F46-4CF1-8292-DD48D37FEC2C}.Release|Any CPU.ActiveCfg = Release|Any CPU
		{D1FE3B00-7F46-4CF1-8292-DD48D37FEC2C}.Release|Any CPU.Build.0 = Release|Any CPU
		{89D8EBF1-35FD-422F-A97D-01785DC876C0}.Debug|Any CPU.ActiveCfg = Debug|Any CPU
		{89D8EBF1-35FD-422F-A97D-01785DC876C0}.Debug|Any CPU.Build.0 = Debug|Any CPU
		{89D8EBF1-35FD-422F-A97D-01785DC876C0}.Release|Any CPU.ActiveCfg = Release|Any CPU
		{89D8EBF1-35FD-422F-A97D-01785DC876C0}.Release|Any CPU.Build.0 = Release|Any CPU
		{A41E56A2-5B08-4D1E-B57A-E2D977CCB416}.Debug|Any CPU.ActiveCfg = Debug|Any CPU
		{A41E56A2-5B08-4D1E-B57A-E2D977CCB416}.Debug|Any CPU.Build.0 = Debug|Any CPU
		{A41E56A2-5B08-4D1E-B57A-E2D977CCB416}.Release|Any CPU.ActiveCfg = Release|Any CPU
		{A41E56A2-5B08-4D1E-B57A-E2D977CCB416}.Release|Any CPU.Build.0 = Release|Any CPU
	EndGlobalSection
	GlobalSection(SolutionProperties) = preSolution
		HideSolutionNode = FALSE
	EndGlobalSection
	GlobalSection(ExtensibilityGlobals) = postSolution
		SolutionGuid = {BD9AF173-88AE-4B2B-97BF-48352EF00FCB}
	EndGlobalSection
EndGlobal
